
Microsoft Visual Studio Solution File, Format Version 12.00
# Visual Studio Version 16
VisualStudioVersion = 16.0.30804.86
MinimumVisualStudioVersion = 10.0.40219.1
Project("{2150E333-8FDC-42A3-9474-1A3956D46DE8}") = "Front-ends", "Front-ends", "{4CB88876-D54D-4197-9AC1-EDD333D2BDF5}"
EndProject
Project("{2150E333-8FDC-42A3-9474-1A3956D46DE8}") = "Libraries", "Libraries", "{32BF2DD6-9C65-4375-9F22-E3FACF83FE3E}"
EndProject
Project("{9A19103F-16F7-4668-BE54-9A1E7A4F7556}") = "ConfigurationHelper", "ConfigurationHelper\ConfigurationHelper.csproj", "{8FF3F999-4360-4C98-9741-4DF2FA5926D2}"
EndProject
Project("{9A19103F-16F7-4668-BE54-9A1E7A4F7556}") = "EntityLibrary", "EntityLibrary\EntityLibrary.csproj", "{4D8FA152-A798-4A2D-8987-CB86978E71C2}"
EndProject
Project("{9A19103F-16F7-4668-BE54-9A1E7A4F7556}") = "ConsoleDemoApp1", "ConsoleDemoApp1\ConsoleDemoApp1.csproj", "{CC28FFE8-0859-49B7-8869-615EC28A7F16}"
EndProject
Project("{2150E333-8FDC-42A3-9474-1A3956D46DE8}") = "Solution Items", "Solution Items", "{9481B528-7B17-4D0F-9ABB-306F4BF3B896}"
	ProjectSection(SolutionItems) = preProject
		readme.md = readme.md
		schoolScript.sql = schoolScript.sql
	EndProjectSection
EndProject
Project("{9A19103F-16F7-4668-BE54-9A1E7A4F7556}") = "ConsoleHelpers", "ConsoleHelpers\ConsoleHelpers.csproj", "{5393D133-9DFA-4FDC-BF5F-DB52315485BB}"
EndProject
Project("{9A19103F-16F7-4668-BE54-9A1E7A4F7556}") = "ConsoleDemoAppConfig1", "ConsoleDemoAppConfig1\ConsoleDemoAppConfig1.csproj", "{14F81BA7-4783-41FA-B223-9866A0A3C34E}"
EndProject
Project("{9A19103F-16F7-4668-BE54-9A1E7A4F7556}") = "SecurityHelper", "SecurityHelper\SecurityHelper.csproj", "{DD8337B7-E6B1-4FD6-882B-5604FE498071}"
EndProject
Project("{9A19103F-16F7-4668-BE54-9A1E7A4F7556}") = "SecurityHelperConfiguration", "SecurityHelperConfiguration\SecurityHelperConfiguration.csproj", "{69AD5D6D-6D28-43CD-94DE-C9B0FA3F05EA}"
EndProject
Project("{9A19103F-16F7-4668-BE54-9A1E7A4F7556}") = "ConsoleAppGeneralSettings", "ConsoleAppGeneralSettings\ConsoleAppGeneralSettings.csproj", "{B397CC29-27EC-4194-943D-9BC936FEB008}"
EndProject
Project("{9A19103F-16F7-4668-BE54-9A1E7A4F7556}") = "ConfigurationHelperConventional", "ConfigurationHelperConventional\ConfigurationHelperConventional.csproj", "{4357462D-2D66-496D-84A5-EE4CB1CE21E7}"
EndProject
Project("{9A19103F-16F7-4668-BE54-9A1E7A4F7556}") = "ExceptionHandling", "ExceptionHandling\ExceptionHandling.csproj", "{BA396868-3DEB-4A46-851C-F3EAD2E0EE5A}"
EndProject
Project("{9A19103F-16F7-4668-BE54-9A1E7A4F7556}") = "TableContainerFrontEnd", "TableContainerFrontEnd\TableContainerFrontEnd.csproj", "{4DAB0500-BEB5-4063-ACE4-9B1CDFA643C8}"
EndProject
Project("{778DAE3C-4631-46EA-AA77-85C1314464D9}") = "visualBasicConnectionCodeSample", "visualBasicConnectionCodeSample\visualBasicConnectionCodeSample.vbproj", "{8DFDBBFB-C5C3-45E6-8422-6FDE7CE42B88}"
EndProject
Project("{2150E333-8FDC-42A3-9474-1A3956D46DE8}") = "Forum response", "Forum response", "{B3EC4B61-FC7F-4EE8-AFC8-482FE80EF90B}"
EndProject
Project("{FAE04EC0-301F-11D3-BF4B-00C04F79EFBC}") = "Connections", "Connections\Connections.csproj", "{5E07F15D-565F-4B19-802B-CB58C3717803}"
EndProject
Project("{FAE04EC0-301F-11D3-BF4B-00C04F79EFBC}") = "ConnectionsFrontEnd", "ConnectionsFrontEnd\ConnectionsFrontEnd.csproj", "{8C3F5DA8-1A63-49D5-801A-2C869D052505}"
EndProject
Project("{2150E333-8FDC-42A3-9474-1A3956D46DE8}") = "Conventional", "Conventional", "{C8DC6073-9E9B-40A8-A9E7-5A21FD0D06C4}"
EndProject
Project("{9A19103F-16F7-4668-BE54-9A1E7A4F7556}") = "ConfigurationAppConfigConsoleApp", "ConfigurationAppConfigConsoleApp\ConfigurationAppConfigConsoleApp.csproj", "{185F91F3-0FA6-4917-972D-8CBF6797C046}"
EndProject
Project("{9A19103F-16F7-4668-BE54-9A1E7A4F7556}") = "ConsoleDemoAppConfig2", "ConsoleDemoAppConfig2\ConsoleDemoAppConfig2.csproj", "{1E2D3249-EB22-4593-A6B6-31A9FB8E1B67}"
EndProject
Project("{2150E333-8FDC-42A3-9474-1A3956D46DE8}") = "Forum questions", "Forum questions", "{2639FD57-C5D9-4C6D-9F97-FA672C738811}"
EndProject
Project("{9A19103F-16F7-4668-BE54-9A1E7A4F7556}") = "AppsettingsFolder", "AppsettingsFolder\AppsettingsFolder.csproj", "{BBA07376-2A24-4449-B693-756D565E421F}"
EndProject
Project("{FAE04EC0-301F-11D3-BF4B-00C04F79EFBC}") = "WindowsFormsConventional", "WindowsFormsConventional\WindowsFormsConventional.csproj", "{30016A7D-C934-4286-B8D2-DD4490F3D0B9}"
EndProject
Project("{FAE04EC0-301F-11D3-BF4B-00C04F79EFBC}") = "WindowsFormsConventional1", "WindowsFormsConventional1\WindowsFormsConventional1.csproj", "{1FF577D5-C633-40D6-AD26-D89AF4F9A512}"
EndProject
Project("{9A19103F-16F7-4668-BE54-9A1E7A4F7556}") = "ConfigurationMultipleEnvironments", "ConfigurationMultipleEnvironments\ConfigurationMultipleEnvironments.csproj", "{BF320739-4B67-4028-99AA-A27FB0EE1F7B}"
EndProject
Project("{9A19103F-16F7-4668-BE54-9A1E7A4F7556}") = "ConsoleConfigurationApp", "ConsoleConfigurationApp\ConsoleConfigurationApp.csproj", "{3ACD72AF-23D3-47D4-8B3D-AAD3E3A49CA8}"
EndProject
Project("{FAE04EC0-301F-11D3-BF4B-00C04F79EFBC}") = "ConsoleAppNotCore", "ConsoleAppNotCore\ConsoleAppNotCore.csproj", "{5A09CC41-03C0-479F-90B4-FF7DA8D693BE}"
EndProject
Global
	GlobalSection(SolutionConfigurationPlatforms) = preSolution
		Debug|Any CPU = Debug|Any CPU
		Release|Any CPU = Release|Any CPU
	EndGlobalSection
	GlobalSection(ProjectConfigurationPlatforms) = postSolution
		{8FF3F999-4360-4C98-9741-4DF2FA5926D2}.Debug|Any CPU.ActiveCfg = Debug|Any CPU
		{8FF3F999-4360-4C98-9741-4DF2FA5926D2}.Debug|Any CPU.Build.0 = Debug|Any CPU
		{8FF3F999-4360-4C98-9741-4DF2FA5926D2}.Release|Any CPU.ActiveCfg = Release|Any CPU
		{8FF3F999-4360-4C98-9741-4DF2FA5926D2}.Release|Any CPU.Build.0 = Release|Any CPU
		{4D8FA152-A798-4A2D-8987-CB86978E71C2}.Debug|Any CPU.ActiveCfg = Debug|Any CPU
		{4D8FA152-A798-4A2D-8987-CB86978E71C2}.Debug|Any CPU.Build.0 = Debug|Any CPU
		{4D8FA152-A798-4A2D-8987-CB86978E71C2}.Release|Any CPU.ActiveCfg = Release|Any CPU
		{4D8FA152-A798-4A2D-8987-CB86978E71C2}.Release|Any CPU.Build.0 = Release|Any CPU
		{CC28FFE8-0859-49B7-8869-615EC28A7F16}.Debug|Any CPU.ActiveCfg = Debug|Any CPU
		{CC28FFE8-0859-49B7-8869-615EC28A7F16}.Debug|Any CPU.Build.0 = Debug|Any CPU
		{CC28FFE8-0859-49B7-8869-615EC28A7F16}.Release|Any CPU.ActiveCfg = Release|Any CPU
		{CC28FFE8-0859-49B7-8869-615EC28A7F16}.Release|Any CPU.Build.0 = Release|Any CPU
		{5393D133-9DFA-4FDC-BF5F-DB52315485BB}.Debug|Any CPU.ActiveCfg = Debug|Any CPU
		{5393D133-9DFA-4FDC-BF5F-DB52315485BB}.Debug|Any CPU.Build.0 = Debug|Any CPU
		{5393D133-9DFA-4FDC-BF5F-DB52315485BB}.Release|Any CPU.ActiveCfg = Release|Any CPU
		{5393D133-9DFA-4FDC-BF5F-DB52315485BB}.Release|Any CPU.Build.0 = Release|Any CPU
		{14F81BA7-4783-41FA-B223-9866A0A3C34E}.Debug|Any CPU.ActiveCfg = Debug|Any CPU
		{14F81BA7-4783-41FA-B223-9866A0A3C34E}.Debug|Any CPU.Build.0 = Debug|Any CPU
		{14F81BA7-4783-41FA-B223-9866A0A3C34E}.Release|Any CPU.ActiveCfg = Release|Any CPU
		{14F81BA7-4783-41FA-B223-9866A0A3C34E}.Release|Any CPU.Build.0 = Release|Any CPU
		{DD8337B7-E6B1-4FD6-882B-5604FE498071}.Debug|Any CPU.ActiveCfg = Debug|Any CPU
		{DD8337B7-E6B1-4FD6-882B-5604FE498071}.Debug|Any CPU.Build.0 = Debug|Any CPU
		{DD8337B7-E6B1-4FD6-882B-5604FE498071}.Release|Any CPU.ActiveCfg = Release|Any CPU
		{DD8337B7-E6B1-4FD6-882B-5604FE498071}.Release|Any CPU.Build.0 = Release|Any CPU
		{69AD5D6D-6D28-43CD-94DE-C9B0FA3F05EA}.Debug|Any CPU.ActiveCfg = Debug|Any CPU
		{69AD5D6D-6D28-43CD-94DE-C9B0FA3F05EA}.Debug|Any CPU.Build.0 = Debug|Any CPU
		{69AD5D6D-6D28-43CD-94DE-C9B0FA3F05EA}.Release|Any CPU.ActiveCfg = Release|Any CPU
		{69AD5D6D-6D28-43CD-94DE-C9B0FA3F05EA}.Release|Any CPU.Build.0 = Release|Any CPU
		{B397CC29-27EC-4194-943D-9BC936FEB008}.Debug|Any CPU.ActiveCfg = Debug|Any CPU
		{B397CC29-27EC-4194-943D-9BC936FEB008}.Debug|Any CPU.Build.0 = Debug|Any CPU
		{B397CC29-27EC-4194-943D-9BC936FEB008}.Release|Any CPU.ActiveCfg = Release|Any CPU
		{B397CC29-27EC-4194-943D-9BC936FEB008}.Release|Any CPU.Build.0 = Release|Any CPU
		{4357462D-2D66-496D-84A5-EE4CB1CE21E7}.Debug|Any CPU.ActiveCfg = Debug|Any CPU
		{4357462D-2D66-496D-84A5-EE4CB1CE21E7}.Debug|Any CPU.Build.0 = Debug|Any CPU
		{4357462D-2D66-496D-84A5-EE4CB1CE21E7}.Release|Any CPU.ActiveCfg = Release|Any CPU
		{4357462D-2D66-496D-84A5-EE4CB1CE21E7}.Release|Any CPU.Build.0 = Release|Any CPU
		{BA396868-3DEB-4A46-851C-F3EAD2E0EE5A}.Debug|Any CPU.ActiveCfg = Debug|Any CPU
		{BA396868-3DEB-4A46-851C-F3EAD2E0EE5A}.Debug|Any CPU.Build.0 = Debug|Any CPU
		{BA396868-3DEB-4A46-851C-F3EAD2E0EE5A}.Release|Any CPU.ActiveCfg = Release|Any CPU
		{BA396868-3DEB-4A46-851C-F3EAD2E0EE5A}.Release|Any CPU.Build.0 = Release|Any CPU
		{4DAB0500-BEB5-4063-ACE4-9B1CDFA643C8}.Debug|Any CPU.ActiveCfg = Debug|Any CPU
		{4DAB0500-BEB5-4063-ACE4-9B1CDFA643C8}.Debug|Any CPU.Build.0 = Debug|Any CPU
		{4DAB0500-BEB5-4063-ACE4-9B1CDFA643C8}.Release|Any CPU.ActiveCfg = Release|Any CPU
		{4DAB0500-BEB5-4063-ACE4-9B1CDFA643C8}.Release|Any CPU.Build.0 = Release|Any CPU
		{8DFDBBFB-C5C3-45E6-8422-6FDE7CE42B88}.Debug|Any CPU.ActiveCfg = Debug|Any CPU
		{8DFDBBFB-C5C3-45E6-8422-6FDE7CE42B88}.Debug|Any CPU.Build.0 = Debug|Any CPU
		{8DFDBBFB-C5C3-45E6-8422-6FDE7CE42B88}.Release|Any CPU.ActiveCfg = Release|Any CPU
		{8DFDBBFB-C5C3-45E6-8422-6FDE7CE42B88}.Release|Any CPU.Build.0 = Release|Any CPU
		{5E07F15D-565F-4B19-802B-CB58C3717803}.Debug|Any CPU.ActiveCfg = Debug|Any CPU
		{5E07F15D-565F-4B19-802B-CB58C3717803}.Debug|Any CPU.Build.0 = Debug|Any CPU
		{5E07F15D-565F-4B19-802B-CB58C3717803}.Release|Any CPU.ActiveCfg = Release|Any CPU
		{5E07F15D-565F-4B19-802B-CB58C3717803}.Release|Any CPU.Build.0 = Release|Any CPU
		{8C3F5DA8-1A63-49D5-801A-2C869D052505}.Debug|Any CPU.ActiveCfg = Debug|Any CPU
		{8C3F5DA8-1A63-49D5-801A-2C869D052505}.Debug|Any CPU.Build.0 = Debug|Any CPU
		{8C3F5DA8-1A63-49D5-801A-2C869D052505}.Release|Any CPU.ActiveCfg = Release|Any CPU
		{8C3F5DA8-1A63-49D5-801A-2C869D052505}.Release|Any CPU.Build.0 = Release|Any CPU
		{185F91F3-0FA6-4917-972D-8CBF6797C046}.Debug|Any CPU.ActiveCfg = Debug|Any CPU
		{185F91F3-0FA6-4917-972D-8CBF6797C046}.Debug|Any CPU.Build.0 = Debug|Any CPU
		{185F91F3-0FA6-4917-972D-8CBF6797C046}.Release|Any CPU.ActiveCfg = Release|Any CPU
		{185F91F3-0FA6-4917-972D-8CBF6797C046}.Release|Any CPU.Build.0 = Release|Any CPU
		{1E2D3249-EB22-4593-A6B6-31A9FB8E1B67}.Debug|Any CPU.ActiveCfg = Debug|Any CPU
		{1E2D3249-EB22-4593-A6B6-31A9FB8E1B67}.Debug|Any CPU.Build.0 = Debug|Any CPU
		{1E2D3249-EB22-4593-A6B6-31A9FB8E1B67}.Release|Any CPU.ActiveCfg = Release|Any CPU
		{1E2D3249-EB22-4593-A6B6-31A9FB8E1B67}.Release|Any CPU.Build.0 = Release|Any CPU
		{BBA07376-2A24-4449-B693-756D565E421F}.Debug|Any CPU.ActiveCfg = Debug|Any CPU
		{BBA07376-2A24-4449-B693-756D565E421F}.Debug|Any CPU.Build.0 = Debug|Any CPU
		{BBA07376-2A24-4449-B693-756D565E421F}.Release|Any CPU.ActiveCfg = Release|Any CPU
		{BBA07376-2A24-4449-B693-756D565E421F}.Release|Any CPU.Build.0 = Release|Any CPU
		{30016A7D-C934-4286-B8D2-DD4490F3D0B9}.Debug|Any CPU.ActiveCfg = Debug|Any CPU
		{30016A7D-C934-4286-B8D2-DD4490F3D0B9}.Debug|Any CPU.Build.0 = Debug|Any CPU
		{30016A7D-C934-4286-B8D2-DD4490F3D0B9}.Release|Any CPU.ActiveCfg = Release|Any CPU
		{30016A7D-C934-4286-B8D2-DD4490F3D0B9}.Release|Any CPU.Build.0 = Release|Any CPU
		{1FF577D5-C633-40D6-AD26-D89AF4F9A512}.Debug|Any CPU.ActiveCfg = Debug|Any CPU
		{1FF577D5-C633-40D6-AD26-D89AF4F9A512}.Debug|Any CPU.Build.0 = Debug|Any CPU
		{1FF577D5-C633-40D6-AD26-D89AF4F9A512}.Release|Any CPU.ActiveCfg = Release|Any CPU
		{1FF577D5-C633-40D6-AD26-D89AF4F9A512}.Release|Any CPU.Build.0 = Release|Any CPU
		{BF320739-4B67-4028-99AA-A27FB0EE1F7B}.Debug|Any CPU.ActiveCfg = Debug|Any CPU
		{BF320739-4B67-4028-99AA-A27FB0EE1F7B}.Debug|Any CPU.Build.0 = Debug|Any CPU
		{BF320739-4B67-4028-99AA-A27FB0EE1F7B}.Release|Any CPU.ActiveCfg = Release|Any CPU
		{BF320739-4B67-4028-99AA-A27FB0EE1F7B}.Release|Any CPU.Build.0 = Release|Any CPU
		{3ACD72AF-23D3-47D4-8B3D-AAD3E3A49CA8}.Debug|Any CPU.ActiveCfg = Debug|Any CPU
		{3ACD72AF-23D3-47D4-8B3D-AAD3E3A49CA8}.Debug|Any CPU.Build.0 = Debug|Any CPU
		{3ACD72AF-23D3-47D4-8B3D-AAD3E3A49CA8}.Release|Any CPU.ActiveCfg = Release|Any CPU
		{3ACD72AF-23D3-47D4-8B3D-AAD3E3A49CA8}.Release|Any CPU.Build.0 = Release|Any CPU
		{5A09CC41-03C0-479F-90B4-FF7DA8D693BE}.Debug|Any CPU.ActiveCfg = Debug|Any CPU
		{5A09CC41-03C0-479F-90B4-FF7DA8D693BE}.Debug|Any CPU.Build.0 = Debug|Any CPU
		{5A09CC41-03C0-479F-90B4-FF7DA8D693BE}.Release|Any CPU.ActiveCfg = Release|Any CPU
		{5A09CC41-03C0-479F-90B4-FF7DA8D693BE}.Release|Any CPU.Build.0 = Release|Any CPU
	EndGlobalSection
	GlobalSection(SolutionProperties) = preSolution
		HideSolutionNode = FALSE
	EndGlobalSection
	GlobalSection(NestedProjects) = preSolution
		{8FF3F999-4360-4C98-9741-4DF2FA5926D2} = {32BF2DD6-9C65-4375-9F22-E3FACF83FE3E}
		{4D8FA152-A798-4A2D-8987-CB86978E71C2} = {32BF2DD6-9C65-4375-9F22-E3FACF83FE3E}
		{CC28FFE8-0859-49B7-8869-615EC28A7F16} = {4CB88876-D54D-4197-9AC1-EDD333D2BDF5}
		{5393D133-9DFA-4FDC-BF5F-DB52315485BB} = {32BF2DD6-9C65-4375-9F22-E3FACF83FE3E}
		{14F81BA7-4783-41FA-B223-9866A0A3C34E} = {4CB88876-D54D-4197-9AC1-EDD333D2BDF5}
		{DD8337B7-E6B1-4FD6-882B-5604FE498071} = {32BF2DD6-9C65-4375-9F22-E3FACF83FE3E}
		{69AD5D6D-6D28-43CD-94DE-C9B0FA3F05EA} = {4CB88876-D54D-4197-9AC1-EDD333D2BDF5}
		{B397CC29-27EC-4194-943D-9BC936FEB008} = {4CB88876-D54D-4197-9AC1-EDD333D2BDF5}
		{4357462D-2D66-496D-84A5-EE4CB1CE21E7} = {32BF2DD6-9C65-4375-9F22-E3FACF83FE3E}
		{BA396868-3DEB-4A46-851C-F3EAD2E0EE5A} = {32BF2DD6-9C65-4375-9F22-E3FACF83FE3E}
		{4DAB0500-BEB5-4063-ACE4-9B1CDFA643C8} = {4CB88876-D54D-4197-9AC1-EDD333D2BDF5}
		{8DFDBBFB-C5C3-45E6-8422-6FDE7CE42B88} = {4CB88876-D54D-4197-9AC1-EDD333D2BDF5}
		{B3EC4B61-FC7F-4EE8-AFC8-482FE80EF90B} = {32BF2DD6-9C65-4375-9F22-E3FACF83FE3E}
		{5E07F15D-565F-4B19-802B-CB58C3717803} = {B3EC4B61-FC7F-4EE8-AFC8-482FE80EF90B}
		{8C3F5DA8-1A63-49D5-801A-2C869D052505} = {B3EC4B61-FC7F-4EE8-AFC8-482FE80EF90B}
		{C8DC6073-9E9B-40A8-A9E7-5A21FD0D06C4} = {4CB88876-D54D-4197-9AC1-EDD333D2BDF5}
		{185F91F3-0FA6-4917-972D-8CBF6797C046} = {C8DC6073-9E9B-40A8-A9E7-5A21FD0D06C4}
		{1E2D3249-EB22-4593-A6B6-31A9FB8E1B67} = {4CB88876-D54D-4197-9AC1-EDD333D2BDF5}
		{2639FD57-C5D9-4C6D-9F97-FA672C738811} = {4CB88876-D54D-4197-9AC1-EDD333D2BDF5}
		{BBA07376-2A24-4449-B693-756D565E421F} = {2639FD57-C5D9-4C6D-9F97-FA672C738811}
		{30016A7D-C934-4286-B8D2-DD4490F3D0B9} = {C8DC6073-9E9B-40A8-A9E7-5A21FD0D06C4}
		{1FF577D5-C633-40D6-AD26-D89AF4F9A512} = {C8DC6073-9E9B-40A8-A9E7-5A21FD0D06C4}
		{BF320739-4B67-4028-99AA-A27FB0EE1F7B} = {4CB88876-D54D-4197-9AC1-EDD333D2BDF5}
		{3ACD72AF-23D3-47D4-8B3D-AAD3E3A49CA8} = {32BF2DD6-9C65-4375-9F22-E3FACF83FE3E}
		{5A09CC41-03C0-479F-90B4-FF7DA8D693BE} = {2639FD57-C5D9-4C6D-9F97-FA672C738811}
	EndGlobalSection
	GlobalSection(ExtensibilityGlobals) = postSolution
		SolutionGuid = {FA2B729D-4928-4982-B0C2-724095A98E0E}
	EndGlobalSection
EndGlobal
